// !$*UTF8*$!
{
	archiveVersion = 1;
	classes = {
	};
	objectVersion = 46;
	objects = {

/* Begin PBXBuildFile section */
		1FFA79921495761E00533FF0 /* UIKit.framework in Frameworks */ = {isa = PBXBuildFile; fileRef = 1FFA79911495761E00533FF0 /* UIKit.framework */; };
		1FFA79941495761E00533FF0 /* Foundation.framework in Frameworks */ = {isa = PBXBuildFile; fileRef = 1FFA79931495761E00533FF0 /* Foundation.framework */; };
		1FFA79961495761E00533FF0 /* CoreGraphics.framework in Frameworks */ = {isa = PBXBuildFile; fileRef = 1FFA79951495761E00533FF0 /* CoreGraphics.framework */; };
		1FFA799C1495761E00533FF0 /* InfoPlist.strings in Resources */ = {isa = PBXBuildFile; fileRef = 1FFA799A1495761E00533FF0 /* InfoPlist.strings */; };
		1FFA799E1495761E00533FF0 /* main.m in Sources */ = {isa = PBXBuildFile; fileRef = 1FFA799D1495761E00533FF0 /* main.m */; };
		1FFA79A21495761E00533FF0 /* AppDelegate.m in Sources */ = {isa = PBXBuildFile; fileRef = 1FFA79A11495761E00533FF0 /* AppDelegate.m */; };
		1FFA79A51495761E00533FF0 /* MainStoryboard.storyboard in Resources */ = {isa = PBXBuildFile; fileRef = 1FFA79A31495761E00533FF0 /* MainStoryboard.storyboard */; };
		1FFA79A81495761E00533FF0 /* ViewController.m in Sources */ = {isa = PBXBuildFile; fileRef = 1FFA79A71495761E00533FF0 /* ViewController.m */; };
/* End PBXBuildFile section */

/* Begin PBXFileReference section */
		1FFA798D1495761E00533FF0 /* HelloWorld.app */ = {isa = PBXFileReference; explicitFileType = wrapper.application; includeInIndex = 0; path = HelloWorld.app; sourceTree = BUILT_PRODUCTS_DIR; };
		1FFA79911495761E00533FF0 /* UIKit.framework */ = {isa = PBXFileReference; lastKnownFileType = wrapper.framework; name = UIKit.framework; path = System/Library/Frameworks/UIKit.framework; sourceTree = SDKROOT; };
		1FFA79931495761E00533FF0 /* Foundation.framework */ = {isa = PBXFileReference; lastKnownFileType = wrapper.framework; name = Foundation.framework; path = System/Library/Frameworks/Foundation.framework; sourceTree = SDKROOT; };
		1FFA79951495761E00533FF0 /* CoreGraphics.framework */ = {isa = PBXFileReference; lastKnownFileType = wrapper.framework; name = CoreGraphics.framework; path = System/Library/Frameworks/CoreGraphics.framework; sourceTree = SDKROOT; };
		1FFA79991495761E00533FF0 /* HelloWorld-Info.plist */ = {isa = PBXFileReference; lastKnownFileType = text.plist.xml; path = "HelloWorld-Info.plist"; sourceTree = "<group>"; };
		1FFA799B1495761E00533FF0 /* en */ = {isa = PBXFileReference; lastKnownFileType = text.plist.strings; name = en; path = en.lproj/InfoPlist.strings; sourceTree = "<group>"; };
		1FFA799D1495761E00533FF0 /* main.m */ = {isa = PBXFileReference; lastKnownFileType = sourcecode.c.objc; path = main.m; sourceTree = "<group>"; };
		1FFA799F1495761E00533FF0 /* HelloWorld-Prefix.pch */ = {isa = PBXFileReference; lastKnownFileType = sourcecode.c.h; path = "HelloWorld-Prefix.pch"; sourceTree = "<group>"; };
		1FFA79A01495761E00533FF0 /* AppDelegate.h */ = {isa = PBXFileReference; lastKnownFileType = sourcecode.c.h; path = AppDelegate.h; sourceTree = "<group>"; };
		1FFA79A11495761E00533FF0 /* AppDelegate.m */ = {isa = PBXFileReference; lastKnownFileType = sourcecode.c.objc; path = AppDelegate.m; sourceTree = "<group>"; };
		1FFA79A41495761E00533FF0 /* en */ = {isa = PBXFileReference; lastKnownFileType = file.storyboard; name = en; path = en.lproj/MainStoryboard.storyboard; sourceTree = "<group>"; };
		1FFA79A61495761E00533FF0 /* ViewController.h */ = {isa = PBXFileReference; lastKnownFileType = sourcecode.c.h; path = ViewController.h; sourceTree = "<group>"; };
		1FFA79A71495761E00533FF0 /* ViewController.m */ = {isa = PBXFileReference; lastKnownFileType = sourcecode.c.objc; path = ViewController.m; sourceTree = "<group>"; };
/* End PBXFileReference section */

/* Begin PBXFrameworksBuildPhase section */
		1FFA798A1495761E00533FF0 /* Frameworks */ = {
			isa = PBXFrameworksBuildPhase;
			buildActionMask = 2147483647;
			files = (
				1FFA79921495761E00533FF0 /* UIKit.framework in Frameworks */,
				1FFA79941495761E00533FF0 /* Foundation.framework in Frameworks */,
				1FFA79961495761E00533FF0 /* CoreGraphics.framework in Frameworks */,
			);
			runOnlyForDeploymentPostprocessing = 0;
		};
/* End PBXFrameworksBuildPhase section */

/* Begin PBXGroup section */
		1FFA79821495761E00533FF0 = {
			isa = PBXGroup;
			children = (
				1FFA79971495761E00533FF0 /* HelloWorld */,
				1FFA79901495761E00533FF0 /* Frameworks */,
				1FFA798E1495761E00533FF0 /* Products */,
			);
			sourceTree = "<group>";
		};
		1FFA798E1495761E00533FF0 /* Products */ = {
			isa = PBXGroup;
			children = (
				1FFA798D1495761E00533FF0 /* HelloWorld.app */,
			);
			name = Products;
			sourceTree = "<group>";
		};
		1FFA79901495761E00533FF0 /* Frameworks */ = {
			isa = PBXGroup;
			children = (
				1FFA79911495761E00533FF0 /* UIKit.framework */,
				1FFA79931495761E00533FF0 /* Foundation.framework */,
				1FFA79951495761E00533FF0 /* CoreGraphics.framework */,
			);
			name = Frameworks;
			sourceTree = "<group>";
		};
		1FFA79971495761E00533FF0 /* HelloWorld */ = {
			isa = PBXGroup;
			children = (
				1FFA79A01495761E00533FF0 /* AppDelegate.h */,
				1FFA79A11495761E00533FF0 /* AppDelegate.m */,
				1FFA79A31495761E00533FF0 /* MainStoryboard.storyboard */,
				1FFA79A61495761E00533FF0 /* ViewController.h */,
				1FFA79A71495761E00533FF0 /* ViewController.m */,
				1FFA79981495761E00533FF0 /* Supporting Files */,
			);
			path = HelloWorld;
			sourceTree = "<group>";
		};
		1FFA79981495761E00533FF0 /* Supporting Files */ = {
			isa = PBXGroup;
			children = (
				1FFA79991495761E00533FF0 /* HelloWorld-Info.plist */,
				1FFA799A1495761E00533FF0 /* InfoPlist.strings */,
				1FFA799D1495761E00533FF0 /* main.m */,
				1FFA799F1495761E00533FF0 /* HelloWorld-Prefix.pch */,
			);
			name = "Supporting Files";
			sourceTree = "<group>";
		};
/* End PBXGroup section */

/* Begin PBXNativeTarget section */
		1FFA798C1495761E00533FF0 /* HelloWorld */ = {
			isa = PBXNativeTarget;
			buildConfigurationList = 1FFA79AB1495761E00533FF0 /* Build configuration list for PBXNativeTarget "HelloWorld" */;
			buildPhases = (
				1FFA79891495761E00533FF0 /* Sources */,
				1FFA798A1495761E00533FF0 /* Frameworks */,
				1FFA798B1495761E00533FF0 /* Resources */,
			);
			buildRules = (
			);
			dependencies = (
			);
			name = HelloWorld;
			productName = HelloWorld;
			productReference = 1FFA798D1495761E00533FF0 /* HelloWorld.app */;
			productType = "com.apple.product-type.application";
		};
/* End PBXNativeTarget section */

/* Begin PBXProject section */
		1FFA79841495761E00533FF0 /* Project object */ = {
			isa = PBXProject;
			attributes = {
				LastUpgradeCheck = 0420;
				ORGANIZATIONNAME = "Gravity Works Design";
			};
			buildConfigurationList = 1FFA79871495761E00533FF0 /* Build configuration list for PBXProject "HelloWorld" */;
			compatibilityVersion = "Xcode 3.2";
			developmentRegion = English;
			hasScannedForEncodings = 0;
			knownRegions = (
				en,
			);
			mainGroup = 1FFA79821495761E00533FF0;
			productRefGroup = 1FFA798E1495761E00533FF0 /* Products */;
			projectDirPath = "";
			projectRoot = "";
			targets = (
				1FFA798C1495761E00533FF0 /* HelloWorld */,
			);
		};
/* End PBXProject section */

/* Begin PBXResourcesBuildPhase section */
		1FFA798B1495761E00533FF0 /* Resources */ = {
			isa = PBXResourcesBuildPhase;
			buildActionMask = 2147483647;
			files = (
				1FFA799C1495761E00533FF0 /* InfoPlist.strings in Resources */,
				1FFA79A51495761E00533FF0 /* MainStoryboard.storyboard in Resources */,
			);
			runOnlyForDeploymentPostprocessing = 0;
		};
/* End PBXResourcesBuildPhase section */

/* Begin PBXSourcesBuildPhase section */
		1FFA79891495761E00533FF0 /* Sources */ = {
			isa = PBXSourcesBuildPhase;
			buildActionMask = 2147483647;
			files = (
				1FFA799E1495761E00533FF0 /* main.m in Sources */,
				1FFA79A21495761E00533FF0 /* AppDelegate.m in Sources */,
				1FFA79A81495761E00533FF0 /* ViewController.m in Sources */,
			);
			runOnlyForDeploymentPostprocessing = 0;
		};
/* End PBXSourcesBuildPhase section */

/* Begin PBXVariantGroup section */
		1FFA799A1495761E00533FF0 /* InfoPlist.strings */ = {
			isa = PBXVariantGroup;
			children = (
				1FFA799B1495761E00533FF0 /* en */,
			);
			name = InfoPlist.strings;
			sourceTree = "<group>";
		};
		1FFA79A31495761E00533FF0 /* MainStoryboard.storyboard */ = {
			isa = PBXVariantGroup;
			children = (
				1FFA79A41495761E00533FF0 /* en */,
			);
			name = MainStoryboard.storyboard;
			sourceTree = "<group>";
		};
/* End PBXVariantGroup section */

/* Begin XCBuildConfiguration section */
		1FFA79A91495761E00533FF0 /* Debug */ = {
			isa = XCBuildConfiguration;
			buildSettings = {
				ALWAYS_SEARCH_USER_PATHS = NO;
				ARCHS = "$(ARCHS_STANDARD_32_BIT)";
				CLANG_ENABLE_OBJC_ARC = YES;
				"CODE_SIGN_IDENTITY[sdk=iphoneos*]" = "iPhone Developer";
				COPY_PHASE_STRIP = NO;
				GCC_C_LANGUAGE_STANDARD = gnu99;
				GCC_DYNAMIC_NO_PIC = NO;
				GCC_OPTIMIZATION_LEVEL = 0;
				GCC_PREPROCESSOR_DEFINITIONS = (
					"DEBUG=1",
					"$(inherited)",
				);
				GCC_SYMBOLS_PRIVATE_EXTERN = NO;
				GCC_VERSION = com.apple.compilers.llvm.clang.1_0;
				GCC_WARN_ABOUT_MISSING_PROTOTYPES = YES;
				GCC_WARN_ABOUT_RETURN_TYPE = YES;
				GCC_WARN_UNUSED_VARIABLE = YES;
				IPHONEOS_DEPLOYMENT_TARGET = 5.0;
				SDKROOT = iphoneos;
			};
			name = Debug;
		};
		1FFA79AA1495761E00533FF0 /* Release */ = {
			isa = XCBuildConfiguration;
			buildSettings = {
				ALWAYS_SEARCH_USER_PATHS = NO;
				ARCHS = "$(ARCHS_STANDARD_32_BIT)";
				CLANG_ENABLE_OBJC_ARC = YES;
				"CODE_SIGN_IDENTITY[sdk=iphoneos*]" = "iPhone Developer";
				COPY_PHASE_STRIP = YES;
				GCC_C_LANGUAGE_STANDARD = gnu99;
				GCC_VERSION = com.apple.compilers.llvm.clang.1_0;
				GCC_WARN_ABOUT_MISSING_PROTOTYPES = YES;
				GCC_WARN_ABOUT_RETURN_TYPE = YES;
				GCC_WARN_UNUSED_VARIABLE = YES;
				IPHONEOS_DEPLOYMENT_TARGET = 5.0;
				OTHER_CFLAGS = "-DNS_BLOCK_ASSERTIONS=1";
				SDKROOT = iphoneos;
				VALIDATE_PRODUCT = YES;
			};
			name = Release;
		};
		1FFA79AC1495761E00533FF0 /* Debug */ = {
			isa = XCBuildConfiguration;
			buildSettings = {
				GCC_PRECOMPILE_PREFIX_HEADER = YES;
				GCC_PREFIX_HEADER = "HelloWorld/HelloWorld-Prefix.pch";
				INFOPLIST_FILE = "HelloWorld/HelloWorld-Info.plist";
				PRODUCT_NAME = "$(TARGET_NAME)";
				WRAPPER_EXTENSION = app;
			};
			name = Debug;
		};
		1FFA79AD1495761E00533FF0 /* Release */ = {
			isa = XCBuildConfiguration;
			buildSettings = {
				GCC_PRECOMPILE_PREFIX_HEADER = YES;
				GCC_PREFIX_HEADER = "HelloWorld/HelloWorld-Prefix.pch";
				INFOPLIST_FILE = "HelloWorld/HelloWorld-Info.plist";
				PRODUCT_NAME = "$(TARGET_NAME)";
				WRAPPER_EXTENSION = app;
			};
			name = Release;
		};
/* End XCBuildConfiguration section */

/* Begin XCConfigurationList section */
		1FFA79871495761E00533FF0 /* Build configuration list for PBXProject "HelloWorld" */ = {
			isa = XCConfigurationList;
			buildConfigurations = (
				1FFA79A91495761E00533FF0 /* Debug */,
				1FFA79AA1495761E00533FF0 /* Release */,
			);
			defaultConfigurationIsVisible = 0;
			defaultConfigurationName = Release;
		};
		1FFA79AB1495761E00533FF0 /* Build configuration list for PBXNativeTarget "HelloWorld" */ = {
			isa = XCConfigurationList;
			buildConfigurations = (
				1FFA79AC1495761E00533FF0 /* Debug */,
				1FFA79AD1495761E00533FF0 /* Release */,
			);
			defaultConfigurationIsVisible = 0;
		};
/* End XCConfigurationList section */
	};
	rootObject = 1FFA79841495761E00533FF0 /* Project object */;
}
